
Microsoft Visual Studio Solution File, Format Version 12.00
# Visual Studio Version 17
VisualStudioVersion = 17.3.32929.385
MinimumVisualStudioVersion = 10.0.40219.1
Project("{9A19103F-16F7-4668-BE54-9A1E7A4F7556}") = "ApiCalculator", "ApiCalculator.csproj", "{808778DB-EF35-4D34-9A87-BFBF7A894945}"
EndProject
Project("{FAE04EC0-301F-11D3-BF4B-00C04F79EFBC}") = "AdditionTests", "..\CalculatorTestProject\AdditionTests.csproj", "{91248BA8-9485-47C2-BCFD-29772F612DDB}"
EndProject
Project("{FAE04EC0-301F-11D3-BF4B-00C04F79EFBC}") = "CalculationLibrary", "..\CalculationLibrary\CalculationLibrary.csproj", "{3F36E75A-663F-4D52-8B93-87C94634B373}"
EndProject
Project("{FAE04EC0-301F-11D3-BF4B-00C04F79EFBC}") = "SubractionTestProject", "..\SubractionTestProject\SubractionTestProject.csproj", "{D9AA20ED-0F3B-4AEE-913A-F1AC180800E0}"
EndProject
Project("{FAE04EC0-301F-11D3-BF4B-00C04F79EFBC}") = "MultiplicationTests", "..\MultiplicationTests\MultiplicationTests.csproj", "{BDF3E325-F1CB-473F-AC8B-981DE88962F0}"
EndProject
Project("{FAE04EC0-301F-11D3-BF4B-00C04F79EFBC}") = "DividationTests", "..\DividationTests\DividationTests.csproj", "{18482A07-9CAC-4AD2-9923-2ADF68E42A55}"
EndProject
Global
	GlobalSection(SolutionConfigurationPlatforms) = preSolution
		Debug|Any CPU = Debug|Any CPU
		Release|Any CPU = Release|Any CPU
	EndGlobalSection
	GlobalSection(ProjectConfigurationPlatforms) = postSolution
		{808778DB-EF35-4D34-9A87-BFBF7A894945}.Debug|Any CPU.ActiveCfg = Debug|Any CPU
		{808778DB-EF35-4D34-9A87-BFBF7A894945}.Debug|Any CPU.Build.0 = Debug|Any CPU
		{808778DB-EF35-4D34-9A87-BFBF7A894945}.Release|Any CPU.ActiveCfg = Release|Any CPU
		{808778DB-EF35-4D34-9A87-BFBF7A894945}.Release|Any CPU.Build.0 = Release|Any CPU
		{91248BA8-9485-47C2-BCFD-29772F612DDB}.Debug|Any CPU.ActiveCfg = Debug|Any CPU
		{91248BA8-9485-47C2-BCFD-29772F612DDB}.Debug|Any CPU.Build.0 = Debug|Any CPU
		{91248BA8-9485-47C2-BCFD-29772F612DDB}.Release|Any CPU.ActiveCfg = Release|Any CPU
		{91248BA8-9485-47C2-BCFD-29772F612DDB}.Release|Any CPU.Build.0 = Release|Any CPU
		{3F36E75A-663F-4D52-8B93-87C94634B373}.Debug|Any CPU.ActiveCfg = Debug|Any CPU
		{3F36E75A-663F-4D52-8B93-87C94634B373}.Debug|Any CPU.Build.0 = Debug|Any CPU
		{3F36E75A-663F-4D52-8B93-87C94634B373}.Release|Any CPU.ActiveCfg = Release|Any CPU
		{3F36E75A-663F-4D52-8B93-87C94634B373}.Release|Any CPU.Build.0 = Release|Any CPU
		{D9AA20ED-0F3B-4AEE-913A-F1AC180800E0}.Debug|Any CPU.ActiveCfg = Debug|Any CPU
		{D9AA20ED-0F3B-4AEE-913A-F1AC180800E0}.Debug|Any CPU.Build.0 = Debug|Any CPU
		{D9AA20ED-0F3B-4AEE-913A-F1AC180800E0}.Release|Any CPU.ActiveCfg = Release|Any CPU
		{D9AA20ED-0F3B-4AEE-913A-F1AC180800E0}.Release|Any CPU.Build.0 = Release|Any CPU
		{BDF3E325-F1CB-473F-AC8B-981DE88962F0}.Debug|Any CPU.ActiveCfg = Debug|Any CPU
		{BDF3E325-F1CB-473F-AC8B-981DE88962F0}.Debug|Any CPU.Build.0 = Debug|Any CPU
		{BDF3E325-F1CB-473F-AC8B-981DE88962F0}.Release|Any CPU.ActiveCfg = Release|Any CPU
		{BDF3E325-F1CB-473F-AC8B-981DE88962F0}.Release|Any CPU.Build.0 = Release|Any CPU
		{18482A07-9CAC-4AD2-9923-2ADF68E42A55}.Debug|Any CPU.ActiveCfg = Debug|Any CPU
		{18482A07-9CAC-4AD2-9923-2ADF68E42A55}.Debug|Any CPU.Build.0 = Debug|Any CPU
		{18482A07-9CAC-4AD2-9923-2ADF68E42A55}.Release|Any CPU.ActiveCfg = Release|Any CPU
		{18482A07-9CAC-4AD2-9923-2ADF68E42A55}.Release|Any CPU.Build.0 = Release|Any CPU
	EndGlobalSection
	GlobalSection(SolutionProperties) = preSolution
		HideSolutionNode = FALSE
	EndGlobalSection
	GlobalSection(ExtensibilityGlobals) = postSolution
		SolutionGuid = {E63E1EDE-E0BD-4946-A711-473F161C6813}
	EndGlobalSection
EndGlobal
